
Microsoft Visual Studio Solution File, Format Version 12.00
# Visual Studio 14
VisualStudioVersion = 14.0.25420.1
MinimumVisualStudioVersion = 10.0.40219.1
Project("{8BC9CEB8-8B4A-11D0-8D11-00A0C91BC942}") = "Test", "Test\Test.vcxproj", "{810C1015-7EEC-469D-A06A-DB8862AB4630}"
EndProject
Project("{8BC9CEB8-8B4A-11D0-8D11-00A0C91BC942}") = "QCallThread", "QCallThread\QCallThread.vcxproj", "{120A8D63-4DB2-43E9-BF8A-D3D8081B1809}"
EndProject
Project("{8BC9CEB8-8B4A-11D0-8D11-00A0C91BC942}") = "TwoThread", "TwoThread\TwoThread.vcxproj", "{1ED195B1-B94D-4CC3-892F-A0E0A10C4823}"
EndProject
Project("{8BC9CEB8-8B4A-11D0-8D11-00A0C91BC942}") = "Parms", "Parms\Parms.vcxproj", "{F4CCFBA9-7F4C-4705-A77B-ED8C467C9068}"
EndProject
Project("{2150E333-8FDC-42A3-9474-1A3956D46DE8}") = "Files", "Files", "{24D05F40-DAD3-424A-8D02-47B2C533FECB}"
	ProjectSection(SolutionItems) = preProject
		Files\Example_Parms.txt = Files\Example_Parms.txt
	EndProjectSection
EndProject
Project("{8BC9CEB8-8B4A-11D0-8D11-00A0C91BC942}") = "ByteContent", "ByteContent\ByteContent.vcxproj", "{C10E277F-8071-45C3-96DB-F677DD40A1EA}"
EndProject
Global
	GlobalSection(SolutionConfigurationPlatforms) = preSolution
		Debug|x64 = Debug|x64
		Debug|x86 = Debug|x86
		Release|x64 = Release|x64
		Release|x86 = Release|x86
	EndGlobalSection
	GlobalSection(ProjectConfigurationPlatforms) = postSolution
		{810C1015-7EEC-469D-A06A-DB8862AB4630}.Debug|x64.ActiveCfg = Debug|x64
		{810C1015-7EEC-469D-A06A-DB8862AB4630}.Debug|x64.Build.0 = Debug|x64
		{810C1015-7EEC-469D-A06A-DB8862AB4630}.Debug|x86.ActiveCfg = Debug|Win32
		{810C1015-7EEC-469D-A06A-DB8862AB4630}.Debug|x86.Build.0 = Debug|Win32
		{810C1015-7EEC-469D-A06A-DB8862AB4630}.Release|x64.ActiveCfg = Release|x64
		{810C1015-7EEC-469D-A06A-DB8862AB4630}.Release|x64.Build.0 = Release|x64
		{810C1015-7EEC-469D-A06A-DB8862AB4630}.Release|x86.ActiveCfg = Release|Win32
		{810C1015-7EEC-469D-A06A-DB8862AB4630}.Release|x86.Build.0 = Release|Win32
		{120A8D63-4DB2-43E9-BF8A-D3D8081B1809}.Debug|x64.ActiveCfg = Debug|x64
		{120A8D63-4DB2-43E9-BF8A-D3D8081B1809}.Debug|x64.Build.0 = Debug|x64
		{120A8D63-4DB2-43E9-BF8A-D3D8081B1809}.Debug|x86.ActiveCfg = Debug|Win32
		{120A8D63-4DB2-43E9-BF8A-D3D8081B1809}.Debug|x86.Build.0 = Debug|Win32
		{120A8D63-4DB2-43E9-BF8A-D3D8081B1809}.Release|x64.ActiveCfg = Release|x64
		{120A8D63-4DB2-43E9-BF8A-D3D8081B1809}.Release|x64.Build.0 = Release|x64
		{120A8D63-4DB2-43E9-BF8A-D3D8081B1809}.Release|x86.ActiveCfg = Release|Win32
		{120A8D63-4DB2-43E9-BF8A-D3D8081B1809}.Release|x86.Build.0 = Release|Win32
		{1ED195B1-B94D-4CC3-892F-A0E0A10C4823}.Debug|x64.ActiveCfg = Debug|x64
		{1ED195B1-B94D-4CC3-892F-A0E0A10C4823}.Debug|x64.Build.0 = Debug|x64
		{1ED195B1-B94D-4CC3-892F-A0E0A10C4823}.Debug|x86.ActiveCfg = Debug|Win32
		{1ED195B1-B94D-4CC3-892F-A0E0A10C4823}.Debug|x86.Build.0 = Debug|Win32
		{1ED195B1-B94D-4CC3-892F-A0E0A10C4823}.Release|x64.ActiveCfg = Release|x64
		{1ED195B1-B94D-4CC3-892F-A0E0A10C4823}.Release|x64.Build.0 = Release|x64
		{1ED195B1-B94D-4CC3-892F-A0E0A10C4823}.Release|x86.ActiveCfg = Release|Win32
		{1ED195B1-B94D-4CC3-892F-A0E0A10C4823}.Release|x86.Build.0 = Release|Win32
		{F4CCFBA9-7F4C-4705-A77B-ED8C467C9068}.Debug|x64.ActiveCfg = Debug|x64
		{F4CCFBA9-7F4C-4705-A77B-ED8C467C9068}.Debug|x64.Build.0 = Debug|x64
		{F4CCFBA9-7F4C-4705-A77B-ED8C467C9068}.Debug|x86.ActiveCfg = Debug|Win32
		{F4CCFBA9-7F4C-4705-A77B-ED8C467C9068}.Debug|x86.Build.0 = Debug|Win32
		{F4CCFBA9-7F4C-4705-A77B-ED8C467C9068}.Release|x64.ActiveCfg = Release|x64
		{F4CCFBA9-7F4C-4705-A77B-ED8C467C9068}.Release|x64.Build.0 = Release|x64
		{F4CCFBA9-7F4C-4705-A77B-ED8C467C9068}.Release|x86.ActiveCfg = Release|Win32
		{F4CCFBA9-7F4C-4705-A77B-ED8C467C9068}.Release|x86.Build.0 = Release|Win32
		{C10E277F-8071-45C3-96DB-F677DD40A1EA}.Debug|x64.ActiveCfg = Debug|x64
		{C10E277F-8071-45C3-96DB-F677DD40A1EA}.Debug|x64.Build.0 = Debug|x64
		{C10E277F-8071-45C3-96DB-F677DD40A1EA}.Debug|x86.ActiveCfg = Debug|Win32
		{C10E277F-8071-45C3-96DB-F677DD40A1EA}.Debug|x86.Build.0 = Debug|Win32
		{C10E277F-8071-45C3-96DB-F677DD40A1EA}.Release|x64.ActiveCfg = Release|x64
		{C10E277F-8071-45C3-96DB-F677DD40A1EA}.Release|x64.Build.0 = Release|x64
		{C10E277F-8071-45C3-96DB-F677DD40A1EA}.Release|x86.ActiveCfg = Release|Win32
		{C10E277F-8071-45C3-96DB-F677DD40A1EA}.Release|x86.Build.0 = Release|Win32
	EndGlobalSection
	GlobalSection(SolutionProperties) = preSolution
		HideSolutionNode = FALSE
	EndGlobalSection
EndGlobal
